proto_outdir = "./third_party/proto"

[[dependencies]]
  target = "github.com/cosmos/cosmos-sdk/third_party/proto"
  revision = "842b06003f97d31e4ec83847e9fe8185d51a1fc7"
  branch = ""
  path = ""
  protocol = ""

[[dependencies]]
  target = "github.com/cosmos/cosmos-sdk/proto"
  revision = "842b06003f97d31e4ec83847e9fe8185d51a1fc7"
  branch = ""
  path = ""
  protocol = ""

[[dependencies]]
  target = "github.com/medibloc/panacea-core/proto"
  revision = "262869e561b8a3e349c09e478b5e2e250687f3ef"
  branch = "fix/108/proto-path"
  path = ""
  protocol = ""
